
Microsoft Visual Studio Solution File, Format Version 12.00
# Visual Studio Version 16
VisualStudioVersion = 25.0.1706.9
MinimumVisualStudioVersion = 10.0.40219.1
Project("{FAE04EC0-301F-11D3-BF4B-00C04F79EFBC}") = "tourist", "tourist.csproj", "{DF4AEFFA-BF09-42BC-900D-61DB14670E31}"
EndProject
Global
	GlobalSection(SolutionConfigurationPlatforms) = preSolution
		Debug|Any CPU = Debug|Any CPU
		Release|Any CPU = Release|Any CPU
	EndGlobalSection
	GlobalSection(ProjectConfigurationPlatforms) = postSolution
		{DF4AEFFA-BF09-42BC-900D-61DB14670E31}.Debug|Any CPU.ActiveCfg = Debug|Any CPU
		{DF4AEFFA-BF09-42BC-900D-61DB14670E31}.Debug|Any CPU.Build.0 = Debug|Any CPU
		{DF4AEFFA-BF09-42BC-900D-61DB14670E31}.Release|Any CPU.ActiveCfg = Release|Any CPU
		{DF4AEFFA-BF09-42BC-900D-61DB14670E31}.Release|Any CPU.Build.0 = Release|Any CPU
	EndGlobalSection
	GlobalSection(SolutionProperties) = preSolution
		HideSolutionNode = FALSE
	EndGlobalSection
	GlobalSection(ExtensibilityGlobals) = postSolution
		SolutionGuid = {45B03A44-3CAE-4CA8-B301-FDEB1F4ECE4D}
	EndGlobalSection
EndGlobal
